// !$*UTF8*$!
{
	archiveVersion = 1;
	classes = {
	};
	objectVersion = 50;
	objects = {

/* Begin PBXBuildFile section */
		3906D27B25D74D71009C382A /* AppDelegate.swift in Sources */ = {isa = PBXBuildFile; fileRef = 3906D27A25D74D71009C382A /* AppDelegate.swift */; };
		3906D27D25D74D71009C382A /* SceneDelegate.swift in Sources */ = {isa = PBXBuildFile; fileRef = 3906D27C25D74D71009C382A /* SceneDelegate.swift */; };
		3906D27F25D74D71009C382A /* ViewController.swift in Sources */ = {isa = PBXBuildFile; fileRef = 3906D27E25D74D71009C382A /* ViewController.swift */; };
		3906D28225D74D71009C382A /* Main.storyboard in Resources */ = {isa = PBXBuildFile; fileRef = 3906D28025D74D71009C382A /* Main.storyboard */; };
		3906D28425D74D73009C382A /* Assets.xcassets in Resources */ = {isa = PBXBuildFile; fileRef = 3906D28325D74D73009C382A /* Assets.xcassets */; };
		3906D28725D74D73009C382A /* LaunchScreen.storyboard in Resources */ = {isa = PBXBuildFile; fileRef = 3906D28525D74D73009C382A /* LaunchScreen.storyboard */; };
		3906D29425D74EB1009C382A /* CustomView.swift in Sources */ = {isa = PBXBuildFile; fileRef = 3906D29325D74EB1009C382A /* CustomView.swift */; };
		3906D29C25D75962009C382A /* Circle.swift in Sources */ = {isa = PBXBuildFile; fileRef = 3906D29B25D75962009C382A /* Circle.swift */; };
		39A851C025DE24D50009596B /* Line.swift in Sources */ = {isa = PBXBuildFile; fileRef = 39A851BF25DE24D50009596B /* Line.swift */; };
		39A851C625DE46F80009596B /* Pencil.swift in Sources */ = {isa = PBXBuildFile; fileRef = 39A851C525DE46F80009596B /* Pencil.swift */; };
		39FD04C925D7BFCC009F5B55 /* Rectangle.swift in Sources */ = {isa = PBXBuildFile; fileRef = 39FD04C825D7BFCC009F5B55 /* Rectangle.swift */; };
		39FD04CC25D7C205009F5B55 /* Triangle.swift in Sources */ = {isa = PBXBuildFile; fileRef = 39FD04CB25D7C205009F5B55 /* Triangle.swift */; };
		39FD04D025D908C0009F5B55 /* Figure.swift in Sources */ = {isa = PBXBuildFile; fileRef = 39FD04CF25D908C0009F5B55 /* Figure.swift */; };
/* End PBXBuildFile section */

/* Begin PBXFileReference section */
		3906D27725D74D71009C382A /* Paint.app */ = {isa = PBXFileReference; explicitFileType = wrapper.application; includeInIndex = 0; path = Paint.app; sourceTree = BUILT_PRODUCTS_DIR; };
		3906D27A25D74D71009C382A /* AppDelegate.swift */ = {isa = PBXFileReference; lastKnownFileType = sourcecode.swift; path = AppDelegate.swift; sourceTree = "<group>"; };
		3906D27C25D74D71009C382A /* SceneDelegate.swift */ = {isa = PBXFileReference; lastKnownFileType = sourcecode.swift; path = SceneDelegate.swift; sourceTree = "<group>"; };
		3906D27E25D74D71009C382A /* ViewController.swift */ = {isa = PBXFileReference; lastKnownFileType = sourcecode.swift; path = ViewController.swift; sourceTree = "<group>"; };
		3906D28125D74D71009C382A /* Base */ = {isa = PBXFileReference; lastKnownFileType = file.storyboard; name = Base; path = Base.lproj/Main.storyboard; sourceTree = "<group>"; };
		3906D28325D74D73009C382A /* Assets.xcassets */ = {isa = PBXFileReference; lastKnownFileType = folder.assetcatalog; path = Assets.xcassets; sourceTree = "<group>"; };
		3906D28625D74D73009C382A /* Base */ = {isa = PBXFileReference; lastKnownFileType = file.storyboard; name = Base; path = Base.lproj/LaunchScreen.storyboard; sourceTree = "<group>"; };
		3906D28825D74D73009C382A /* Info.plist */ = {isa = PBXFileReference; lastKnownFileType = text.plist.xml; path = Info.plist; sourceTree = "<group>"; };
		3906D29325D74EB1009C382A /* CustomView.swift */ = {isa = PBXFileReference; lastKnownFileType = sourcecode.swift; path = CustomView.swift; sourceTree = "<group>"; };
		3906D29B25D75962009C382A /* Circle.swift */ = {isa = PBXFileReference; lastKnownFileType = sourcecode.swift; path = Circle.swift; sourceTree = "<group>"; };
		39A851BF25DE24D50009596B /* Line.swift */ = {isa = PBXFileReference; lastKnownFileType = sourcecode.swift; path = Line.swift; sourceTree = "<group>"; };
		39A851C525DE46F80009596B /* Pencil.swift */ = {isa = PBXFileReference; lastKnownFileType = sourcecode.swift; path = Pencil.swift; sourceTree = "<group>"; };
		39FD04C825D7BFCC009F5B55 /* Rectangle.swift */ = {isa = PBXFileReference; lastKnownFileType = sourcecode.swift; path = Rectangle.swift; sourceTree = "<group>"; };
		39FD04CB25D7C205009F5B55 /* Triangle.swift */ = {isa = PBXFileReference; lastKnownFileType = sourcecode.swift; path = Triangle.swift; sourceTree = "<group>"; };
		39FD04CF25D908C0009F5B55 /* Figure.swift */ = {isa = PBXFileReference; lastKnownFileType = sourcecode.swift; path = Figure.swift; sourceTree = "<group>"; };
/* End PBXFileReference section */

/* Begin PBXFrameworksBuildPhase section */
		3906D27425D74D71009C382A /* Frameworks */ = {
			isa = PBXFrameworksBuildPhase;
			buildActionMask = 2147483647;
			files = (
			);
			runOnlyForDeploymentPostprocessing = 0;
		};
/* End PBXFrameworksBuildPhase section */

/* Begin PBXGroup section */
		3906D26E25D74D71009C382A = {
			isa = PBXGroup;
			children = (
				3906D29825D75469009C382A /* Supporting Files */,
				3906D27925D74D71009C382A /* Paint */,
				3906D27825D74D71009C382A /* Products */,
			);
			sourceTree = "<group>";
		};
		3906D27825D74D71009C382A /* Products */ = {
			isa = PBXGroup;
			children = (
				3906D27725D74D71009C382A /* Paint.app */,
			);
			name = Products;
			sourceTree = "<group>";
		};
		3906D27925D74D71009C382A /* Paint */ = {
			isa = PBXGroup;
			children = (
				3906D28825D74D73009C382A /* Info.plist */,
				3906D27C25D74D71009C382A /* SceneDelegate.swift */,
				3906D27E25D74D71009C382A /* ViewController.swift */,
				3906D29325D74EB1009C382A /* CustomView.swift */,
				3906D28025D74D71009C382A /* Main.storyboard */,
				3906D29B25D75962009C382A /* Circle.swift */,
				39FD04C825D7BFCC009F5B55 /* Rectangle.swift */,
				39FD04CB25D7C205009F5B55 /* Triangle.swift */,
				39FD04CF25D908C0009F5B55 /* Figure.swift */,
				39A851BF25DE24D50009596B /* Line.swift */,
				39A851C525DE46F80009596B /* Pencil.swift */,
			);
			path = Paint;
			sourceTree = "<group>";
		};
		3906D29825D75469009C382A /* Supporting Files */ = {
			isa = PBXGroup;
			children = (
				3906D28325D74D73009C382A /* Assets.xcassets */,
				3906D28525D74D73009C382A /* LaunchScreen.storyboard */,
				3906D27A25D74D71009C382A /* AppDelegate.swift */,
			);
			path = "Supporting Files";
			sourceTree = "<group>";
		};
/* End PBXGroup section */

/* Begin PBXNativeTarget section */
		3906D27625D74D71009C382A /* Paint */ = {
			isa = PBXNativeTarget;
			buildConfigurationList = 3906D28B25D74D73009C382A /* Build configuration list for PBXNativeTarget "Paint" */;
			buildPhases = (
				3906D27325D74D71009C382A /* Sources */,
				3906D27425D74D71009C382A /* Frameworks */,
				3906D27525D74D71009C382A /* Resources */,
			);
			buildRules = (
			);
			dependencies = (
			);
			name = Paint;
			productName = Paint;
			productReference = 3906D27725D74D71009C382A /* Paint.app */;
			productType = "com.apple.product-type.application";
		};
/* End PBXNativeTarget section */

/* Begin PBXProject section */
		3906D26F25D74D71009C382A /* Project object */ = {
			isa = PBXProject;
			attributes = {
				LastSwiftUpdateCheck = 1240;
				LastUpgradeCheck = 1240;
				TargetAttributes = {
					3906D27625D74D71009C382A = {
						CreatedOnToolsVersion = 12.4;
					};
				};
			};
			buildConfigurationList = 3906D27225D74D71009C382A /* Build configuration list for PBXProject "Paint" */;
			compatibilityVersion = "Xcode 9.3";
			developmentRegion = en;
			hasScannedForEncodings = 0;
			knownRegions = (
				en,
				Base,
			);
			mainGroup = 3906D26E25D74D71009C382A;
			productRefGroup = 3906D27825D74D71009C382A /* Products */;
			projectDirPath = "";
			projectRoot = "";
			targets = (
				3906D27625D74D71009C382A /* Paint */,
			);
		};
/* End PBXProject section */

/* Begin PBXResourcesBuildPhase section */
		3906D27525D74D71009C382A /* Resources */ = {
			isa = PBXResourcesBuildPhase;
			buildActionMask = 2147483647;
			files = (
				3906D28725D74D73009C382A /* LaunchScreen.storyboard in Resources */,
				3906D28425D74D73009C382A /* Assets.xcassets in Resources */,
				3906D28225D74D71009C382A /* Main.storyboard in Resources */,
			);
			runOnlyForDeploymentPostprocessing = 0;
		};
/* End PBXResourcesBuildPhase section */

/* Begin PBXSourcesBuildPhase section */
		3906D27325D74D71009C382A /* Sources */ = {
			isa = PBXSourcesBuildPhase;
			buildActionMask = 2147483647;
			files = (
				3906D29C25D75962009C382A /* Circle.swift in Sources */,
				39FD04D025D908C0009F5B55 /* Figure.swift in Sources */,
				3906D27F25D74D71009C382A /* ViewController.swift in Sources */,
				3906D29425D74EB1009C382A /* CustomView.swift in Sources */,
				3906D27B25D74D71009C382A /* AppDelegate.swift in Sources */,
				3906D27D25D74D71009C382A /* SceneDelegate.swift in Sources */,
				39A851C025DE24D50009596B /* Line.swift in Sources */,
				39FD04C925D7BFCC009F5B55 /* Rectangle.swift in Sources */,
				39A851C625DE46F80009596B /* Pencil.swift in Sources */,
				39FD04CC25D7C205009F5B55 /* Triangle.swift in Sources */,
			);
			runOnlyForDeploymentPostprocessing = 0;
		};
/* End PBXSourcesBuildPhase section */

/* Begin PBXVariantGroup section */
		3906D28025D74D71009C382A /* Main.storyboard */ = {
			isa = PBXVariantGroup;
			children = (
				3906D28125D74D71009C382A /* Base */,
			);
			name = Main.storyboard;
			sourceTree = "<group>";
		};
		3906D28525D74D73009C382A /* LaunchScreen.storyboard */ = {
			isa = PBXVariantGroup;
			children = (
				3906D28625D74D73009C382A /* Base */,
			);
			name = LaunchScreen.storyboard;
			sourceTree = "<group>";
		};
/* End PBXVariantGroup section */

/* Begin XCBuildConfiguration section */
		3906D28925D74D73009C382A /* Debug */ = {
			isa = XCBuildConfiguration;
			buildSettings = {
				ALWAYS_SEARCH_USER_PATHS = NO;
				CLANG_ANALYZER_NONNULL = YES;
				CLANG_ANALYZER_NUMBER_OBJECT_CONVERSION = YES_AGGRESSIVE;
				CLANG_CXX_LANGUAGE_STANDARD = "gnu++14";
				CLANG_CXX_LIBRARY = "libc++";
				CLANG_ENABLE_MODULES = YES;
				CLANG_ENABLE_OBJC_ARC = YES;
				CLANG_ENABLE_OBJC_WEAK = YES;
				CLANG_WARN_BLOCK_CAPTURE_AUTORELEASING = YES;
				CLANG_WARN_BOOL_CONVERSION = YES;
				CLANG_WARN_COMMA = YES;
				CLANG_WARN_CONSTANT_CONVERSION = YES;
				CLANG_WARN_DEPRECATED_OBJC_IMPLEMENTATIONS = YES;
				CLANG_WARN_DIRECT_OBJC_ISA_USAGE = YES_ERROR;
				CLANG_WARN_DOCUMENTATION_COMMENTS = YES;
				CLANG_WARN_EMPTY_BODY = YES;
				CLANG_WARN_ENUM_CONVERSION = YES;
				CLANG_WARN_INFINITE_RECURSION = YES;
				CLANG_WARN_INT_CONVERSION = YES;
				CLANG_WARN_NON_LITERAL_NULL_CONVERSION = YES;
				CLANG_WARN_OBJC_IMPLICIT_RETAIN_SELF = YES;
				CLANG_WARN_OBJC_LITERAL_CONVERSION = YES;
				CLANG_WARN_OBJC_ROOT_CLASS = YES_ERROR;
				CLANG_WARN_QUOTED_INCLUDE_IN_FRAMEWORK_HEADER = YES;
				CLANG_WARN_RANGE_LOOP_ANALYSIS = YES;
				CLANG_WARN_STRICT_PROTOTYPES = YES;
				CLANG_WARN_SUSPICIOUS_MOVE = YES;
				CLANG_WARN_UNGUARDED_AVAILABILITY = YES_AGGRESSIVE;
				CLANG_WARN_UNREACHABLE_CODE = YES;
				CLANG_WARN__DUPLICATE_METHOD_MATCH = YES;
				COPY_PHASE_STRIP = NO;
				DEBUG_INFORMATION_FORMAT = dwarf;
				ENABLE_STRICT_OBJC_MSGSEND = YES;
				ENABLE_TESTABILITY = YES;
				GCC_C_LANGUAGE_STANDARD = gnu11;
				GCC_DYNAMIC_NO_PIC = NO;
				GCC_NO_COMMON_BLOCKS = YES;
				GCC_OPTIMIZATION_LEVEL = 0;
				GCC_PREPROCESSOR_DEFINITIONS = (
					"DEBUG=1",
					"$(inherited)",
				);
				GCC_WARN_64_TO_32_BIT_CONVERSION = YES;
				GCC_WARN_ABOUT_RETURN_TYPE = YES_ERROR;
				GCC_WARN_UNDECLARED_SELECTOR = YES;
				GCC_WARN_UNINITIALIZED_AUTOS = YES_AGGRESSIVE;
				GCC_WARN_UNUSED_FUNCTION = YES;
				GCC_WARN_UNUSED_VARIABLE = YES;
				IPHONEOS_DEPLOYMENT_TARGET = 14.4;
				MTL_ENABLE_DEBUG_INFO = INCLUDE_SOURCE;
				MTL_FAST_MATH = YES;
				ONLY_ACTIVE_ARCH = YES;
				SDKROOT = iphoneos;
				SWIFT_ACTIVE_COMPILATION_CONDITIONS = DEBUG;
				SWIFT_OPTIMIZATION_LEVEL = "-Onone";
			};
			name = Debug;
		};
		3906D28A25D74D73009C382A /* Release */ = {
			isa = XCBuildConfiguration;
			buildSettings = {
				ALWAYS_SEARCH_USER_PATHS = NO;
				CLANG_ANALYZER_NONNULL = YES;
				CLANG_ANALYZER_NUMBER_OBJECT_CONVERSION = YES_AGGRESSIVE;
				CLANG_CXX_LANGUAGE_STANDARD = "gnu++14";
				CLANG_CXX_LIBRARY = "libc++";
				CLANG_ENABLE_MODULES = YES;
				CLANG_ENABLE_OBJC_ARC = YES;
				CLANG_ENABLE_OBJC_WEAK = YES;
				CLANG_WARN_BLOCK_CAPTURE_AUTORELEASING = YES;
				CLANG_WARN_BOOL_CONVERSION = YES;
				CLANG_WARN_COMMA = YES;
				CLANG_WARN_CONSTANT_CONVERSION = YES;
				CLANG_WARN_DEPRECATED_OBJC_IMPLEMENTATIONS = YES;
				CLANG_WARN_DIRECT_OBJC_ISA_USAGE = YES_ERROR;
				CLANG_WARN_DOCUMENTATION_COMMENTS = YES;
				CLANG_WARN_EMPTY_BODY = YES;
				CLANG_WARN_ENUM_CONVERSION = YES;
				CLANG_WARN_INFINITE_RECURSION = YES;
				CLANG_WARN_INT_CONVERSION = YES;
				CLANG_WARN_NON_LITERAL_NULL_CONVERSION = YES;
				CLANG_WARN_OBJC_IMPLICIT_RETAIN_SELF = YES;
				CLANG_WARN_OBJC_LITERAL_CONVERSION = YES;
				CLANG_WARN_OBJC_ROOT_CLASS = YES_ERROR;
				CLANG_WARN_QUOTED_INCLUDE_IN_FRAMEWORK_HEADER = YES;
				CLANG_WARN_RANGE_LOOP_ANALYSIS = YES;
				CLANG_WARN_STRICT_PROTOTYPES = YES;
				CLANG_WARN_SUSPICIOUS_MOVE = YES;
				CLANG_WARN_UNGUARDED_AVAILABILITY = YES_AGGRESSIVE;
				CLANG_WARN_UNREACHABLE_CODE = YES;
				CLANG_WARN__DUPLICATE_METHOD_MATCH = YES;
				COPY_PHASE_STRIP = NO;
				DEBUG_INFORMATION_FORMAT = "dwarf-with-dsym";
				ENABLE_NS_ASSERTIONS = NO;
				ENABLE_STRICT_OBJC_MSGSEND = YES;
				GCC_C_LANGUAGE_STANDARD = gnu11;
				GCC_NO_COMMON_BLOCKS = YES;
				GCC_WARN_64_TO_32_BIT_CONVERSION = YES;
				GCC_WARN_ABOUT_RETURN_TYPE = YES_ERROR;
				GCC_WARN_UNDECLARED_SELECTOR = YES;
				GCC_WARN_UNINITIALIZED_AUTOS = YES_AGGRESSIVE;
				GCC_WARN_UNUSED_FUNCTION = YES;
				GCC_WARN_UNUSED_VARIABLE = YES;
				IPHONEOS_DEPLOYMENT_TARGET = 14.4;
				MTL_ENABLE_DEBUG_INFO = NO;
				MTL_FAST_MATH = YES;
				SDKROOT = iphoneos;
				SWIFT_COMPILATION_MODE = wholemodule;
				SWIFT_OPTIMIZATION_LEVEL = "-O";
				VALIDATE_PRODUCT = YES;
			};
			name = Release;
		};
		3906D28C25D74D73009C382A /* Debug */ = {
			isa = XCBuildConfiguration;
			buildSettings = {
				ASSETCATALOG_COMPILER_APPICON_NAME = AppIcon;
				ASSETCATALOG_COMPILER_GLOBAL_ACCENT_COLOR_NAME = AccentColor;
				CODE_SIGN_STYLE = Automatic;
				DEVELOPMENT_TEAM = 42RNWNGW2D;
				INFOPLIST_FILE = Paint/Info.plist;
				LD_RUNPATH_SEARCH_PATHS = (
					"$(inherited)",
					"@executable_path/Frameworks",
				);
				PRODUCT_BUNDLE_IDENTIFIER = com.first.Amina.Paint;
				PRODUCT_NAME = "$(TARGET_NAME)";
				SWIFT_VERSION = 5.0;
				TARGETED_DEVICE_FAMILY = "1,2";
			};
			name = Debug;
		};
		3906D28D25D74D73009C382A /* Release */ = {
			isa = XCBuildConfiguration;
			buildSettings = {
				ASSETCATALOG_COMPILER_APPICON_NAME = AppIcon;
				ASSETCATALOG_COMPILER_GLOBAL_ACCENT_COLOR_NAME = AccentColor;
				CODE_SIGN_STYLE = Automatic;
				DEVELOPMENT_TEAM = 42RNWNGW2D;
				INFOPLIST_FILE = Paint/Info.plist;
				LD_RUNPATH_SEARCH_PATHS = (
					"$(inherited)",
					"@executable_path/Frameworks",
				);
				PRODUCT_BUNDLE_IDENTIFIER = com.first.Amina.Paint;
				PRODUCT_NAME = "$(TARGET_NAME)";
				SWIFT_VERSION = 5.0;
				TARGETED_DEVICE_FAMILY = "1,2";
			};
			name = Release;
		};
/* End XCBuildConfiguration section */

/* Begin XCConfigurationList section */
		3906D27225D74D71009C382A /* Build configuration list for PBXProject "Paint" */ = {
			isa = XCConfigurationList;
			buildConfigurations = (
				3906D28925D74D73009C382A /* Debug */,
				3906D28A25D74D73009C382A /* Release */,
			);
			defaultConfigurationIsVisible = 0;
			defaultConfigurationName = Release;
		};
		3906D28B25D74D73009C382A /* Build configuration list for PBXNativeTarget "Paint" */ = {
			isa = XCConfigurationList;
			buildConfigurations = (
				3906D28C25D74D73009C382A /* Debug */,
				3906D28D25D74D73009C382A /* Release */,
			);
			defaultConfigurationIsVisible = 0;
			defaultConfigurationName = Release;
		};
/* End XCConfigurationList section */
	};
	rootObject = 3906D26F25D74D71009C382A /* Project object */;
}
